<Solution>
  <Folder Name="/src/">
    <Project Path="FiapDonateUsers.API/FiapDonateUsers.API.csproj" />
    <Project Path="FiapDonateUsers.Application/FiapDonateUsers.Application.csproj" />
    <Project Path="FiapDonateUsers.Domain/FiapDonateUsers.Domain.csproj" />
    <Project Path="FiapDonateUsers.Infrastructure/FiapDonateUsers.Infrastructure.csproj" />
  </Folder>
  <Folder Name="/tests/">
    <Project Path="FiapDonateUsers.Domain.Tests/FiapDonateUsers.Domain.Tests.csproj" />
    <Project Path="FiapDonateUsers.Application.Tests/FiapDonateUsers.Application.Tests.csproj" />
  </Folder>
</Solution>
